
Microsoft Visual Studio Solution File, Format Version 12.00
# Visual Studio 15
VisualStudioVersion = 15.0.27130.2020
MinimumVisualStudioVersion = 10.0.40219.1
Project("{FAE04EC0-301F-11D3-BF4B-00C04F79EFBC}") = "HtmlBasic", "HtmlBasic\HtmlBasic.csproj", "{A18EA6F8-8E78-4A85-A89B-E18401AE060E}"
EndProject
Global
	GlobalSection(SolutionConfigurationPlatforms) = preSolution
		Debug|Any CPU = Debug|Any CPU
		Release|Any CPU = Release|Any CPU
	EndGlobalSection
	GlobalSection(ProjectConfigurationPlatforms) = postSolution
		{A18EA6F8-8E78-4A85-A89B-E18401AE060E}.Debug|Any CPU.ActiveCfg = Debug|Any CPU
		{A18EA6F8-8E78-4A85-A89B-E18401AE060E}.Debug|Any CPU.Build.0 = Debug|Any CPU
		{A18EA6F8-8E78-4A85-A89B-E18401AE060E}.Release|Any CPU.ActiveCfg = Release|Any CPU
		{A18EA6F8-8E78-4A85-A89B-E18401AE060E}.Release|Any CPU.Build.0 = Release|Any CPU
	EndGlobalSection
	GlobalSection(SolutionProperties) = preSolution
		HideSolutionNode = FALSE
	EndGlobalSection
	GlobalSection(ExtensibilityGlobals) = postSolution
		SolutionGuid = {033F09B7-CEB8-41FE-9E1A-026091719880}
	EndGlobalSection
EndGlobal
